
Microsoft Visual Studio Solution File, Format Version 12.00
# Visual Studio Version 17
VisualStudioVersion = 17.0.31903.59
MinimumVisualStudioVersion = 10.0.40219.1
Project("{2150E333-8FDC-42A3-9474-1A3956D46DE8}") = "src", "src", "{827E0CD3-B72D-47B6-A68D-7590B98EB39B}"
EndProject
Project("{FAE04EC0-301F-11D3-BF4B-00C04F79EFBC}") = "BecauseImClever.Domain", "src\BecauseImClever.Domain\BecauseImClever.Domain.csproj", "{59BF6543-B018-4BDC-A6DB-BDC10B5AA011}"
EndProject
Project("{FAE04EC0-301F-11D3-BF4B-00C04F79EFBC}") = "BecauseImClever.Application", "src\BecauseImClever.Application\BecauseImClever.Application.csproj", "{E9483D63-B8F8-453F-B56C-29258D764BD5}"
EndProject
Project("{FAE04EC0-301F-11D3-BF4B-00C04F79EFBC}") = "BecauseImClever.Infrastructure", "src\BecauseImClever.Infrastructure\BecauseImClever.Infrastructure.csproj", "{B80FA70D-6C06-4954-B3EA-3C411C37A4E9}"
EndProject
Project("{FAE04EC0-301F-11D3-BF4B-00C04F79EFBC}") = "BecauseImClever.Shared", "src\BecauseImClever.Shared\BecauseImClever.Shared.csproj", "{19EA333D-0B79-44AD-B612-A397C41E8A5B}"
EndProject
Project("{FAE04EC0-301F-11D3-BF4B-00C04F79EFBC}") = "BecauseImClever.Client", "src\BecauseImClever.Client\BecauseImClever.Client.csproj", "{C9ACF65E-E0D7-4BAA-953C-19AEBF1E6156}"
EndProject
Project("{FAE04EC0-301F-11D3-BF4B-00C04F79EFBC}") = "BecauseImClever.Server", "src\BecauseImClever.Server\BecauseImClever.Server.csproj", "{67426152-4EA5-4C29-898D-33DC4F2506E7}"
EndProject
Project("{2150E333-8FDC-42A3-9474-1A3956D46DE8}") = "tests", "tests", "{0AB3BF05-4346-4AA6-1389-037BE0695223}"
EndProject
Project("{FAE04EC0-301F-11D3-BF4B-00C04F79EFBC}") = "BecauseImClever.Domain.Tests", "tests\BecauseImClever.Domain.Tests\BecauseImClever.Domain.Tests.csproj", "{82396524-335F-4847-AA27-1F7DBA0F2221}"
EndProject
Project("{FAE04EC0-301F-11D3-BF4B-00C04F79EFBC}") = "BecauseImClever.Client.Tests", "tests\BecauseImClever.Client.Tests\BecauseImClever.Client.Tests.csproj", "{1EC813A4-0F5E-4E4F-9621-D8AA5E4C6F9C}"
EndProject
Project("{FAE04EC0-301F-11D3-BF4B-00C04F79EFBC}") = "BecauseImClever.E2E.Tests", "tests\BecauseImClever.E2E.Tests\BecauseImClever.E2E.Tests.csproj", "{02F4609F-F118-4E3F-A8A8-D467117FE248}"
EndProject
Project("{FAE04EC0-301F-11D3-BF4B-00C04F79EFBC}") = "BecauseImClever.Infrastructure.Tests", "tests\BecauseImClever.Infrastructure.Tests\BecauseImClever.Infrastructure.Tests.csproj", "{9B6C511D-09D6-45C7-86EC-902530714684}"
EndProject
Project("{FAE04EC0-301F-11D3-BF4B-00C04F79EFBC}") = "BecauseImClever.Server.Tests", "tests\BecauseImClever.Server.Tests\BecauseImClever.Server.Tests.csproj", "{9C22B8D0-52C8-4D23-8E81-5C2B4A66CB5F}"
EndProject
Global
	GlobalSection(SolutionConfigurationPlatforms) = preSolution
		Debug|Any CPU = Debug|Any CPU
		Debug|x64 = Debug|x64
		Debug|x86 = Debug|x86
		Release|Any CPU = Release|Any CPU
		Release|x64 = Release|x64
		Release|x86 = Release|x86
	EndGlobalSection
	GlobalSection(ProjectConfigurationPlatforms) = postSolution
		{59BF6543-B018-4BDC-A6DB-BDC10B5AA011}.Debug|Any CPU.ActiveCfg = Debug|Any CPU
		{59BF6543-B018-4BDC-A6DB-BDC10B5AA011}.Debug|Any CPU.Build.0 = Debug|Any CPU
		{59BF6543-B018-4BDC-A6DB-BDC10B5AA011}.Debug|x64.ActiveCfg = Debug|Any CPU
		{59BF6543-B018-4BDC-A6DB-BDC10B5AA011}.Debug|x64.Build.0 = Debug|Any CPU
		{59BF6543-B018-4BDC-A6DB-BDC10B5AA011}.Debug|x86.ActiveCfg = Debug|Any CPU
		{59BF6543-B018-4BDC-A6DB-BDC10B5AA011}.Debug|x86.Build.0 = Debug|Any CPU
		{59BF6543-B018-4BDC-A6DB-BDC10B5AA011}.Release|Any CPU.ActiveCfg = Release|Any CPU
		{59BF6543-B018-4BDC-A6DB-BDC10B5AA011}.Release|Any CPU.Build.0 = Release|Any CPU
		{59BF6543-B018-4BDC-A6DB-BDC10B5AA011}.Release|x64.ActiveCfg = Release|Any CPU
		{59BF6543-B018-4BDC-A6DB-BDC10B5AA011}.Release|x64.Build.0 = Release|Any CPU
		{59BF6543-B018-4BDC-A6DB-BDC10B5AA011}.Release|x86.ActiveCfg = Release|Any CPU
		{59BF6543-B018-4BDC-A6DB-BDC10B5AA011}.Release|x86.Build.0 = Release|Any CPU
		{E9483D63-B8F8-453F-B56C-29258D764BD5}.Debug|Any CPU.ActiveCfg = Debug|Any CPU
		{E9483D63-B8F8-453F-B56C-29258D764BD5}.Debug|Any CPU.Build.0 = Debug|Any CPU
		{E9483D63-B8F8-453F-B56C-29258D764BD5}.Debug|x64.ActiveCfg = Debug|Any CPU
		{E9483D63-B8F8-453F-B56C-29258D764BD5}.Debug|x64.Build.0 = Debug|Any CPU
		{E9483D63-B8F8-453F-B56C-29258D764BD5}.Debug|x86.ActiveCfg = Debug|Any CPU
		{E9483D63-B8F8-453F-B56C-29258D764BD5}.Debug|x86.Build.0 = Debug|Any CPU
		{E9483D63-B8F8-453F-B56C-29258D764BD5}.Release|Any CPU.ActiveCfg = Release|Any CPU
		{E9483D63-B8F8-453F-B56C-29258D764BD5}.Release|Any CPU.Build.0 = Release|Any CPU
		{E9483D63-B8F8-453F-B56C-29258D764BD5}.Release|x64.ActiveCfg = Release|Any CPU
		{E9483D63-B8F8-453F-B56C-29258D764BD5}.Release|x64.Build.0 = Release|Any CPU
		{E9483D63-B8F8-453F-B56C-29258D764BD5}.Release|x86.ActiveCfg = Release|Any CPU
		{E9483D63-B8F8-453F-B56C-29258D764BD5}.Release|x86.Build.0 = Release|Any CPU
		{B80FA70D-6C06-4954-B3EA-3C411C37A4E9}.Debug|Any CPU.ActiveCfg = Debug|Any CPU
		{B80FA70D-6C06-4954-B3EA-3C411C37A4E9}.Debug|Any CPU.Build.0 = Debug|Any CPU
		{B80FA70D-6C06-4954-B3EA-3C411C37A4E9}.Debug|x64.ActiveCfg = Debug|Any CPU
		{B80FA70D-6C06-4954-B3EA-3C411C37A4E9}.Debug|x64.Build.0 = Debug|Any CPU
		{B80FA70D-6C06-4954-B3EA-3C411C37A4E9}.Debug|x86.ActiveCfg = Debug|Any CPU
		{B80FA70D-6C06-4954-B3EA-3C411C37A4E9}.Debug|x86.Build.0 = Debug|Any CPU
		{B80FA70D-6C06-4954-B3EA-3C411C37A4E9}.Release|Any CPU.ActiveCfg = Release|Any CPU
		{B80FA70D-6C06-4954-B3EA-3C411C37A4E9}.Release|Any CPU.Build.0 = Release|Any CPU
		{B80FA70D-6C06-4954-B3EA-3C411C37A4E9}.Release|x64.ActiveCfg = Release|Any CPU
		{B80FA70D-6C06-4954-B3EA-3C411C37A4E9}.Release|x64.Build.0 = Release|Any CPU
		{B80FA70D-6C06-4954-B3EA-3C411C37A4E9}.Release|x86.ActiveCfg = Release|Any CPU
		{B80FA70D-6C06-4954-B3EA-3C411C37A4E9}.Release|x86.Build.0 = Release|Any CPU
		{19EA333D-0B79-44AD-B612-A397C41E8A5B}.Debug|Any CPU.ActiveCfg = Debug|Any CPU
		{19EA333D-0B79-44AD-B612-A397C41E8A5B}.Debug|Any CPU.Build.0 = Debug|Any CPU
		{19EA333D-0B79-44AD-B612-A397C41E8A5B}.Debug|x64.ActiveCfg = Debug|Any CPU
		{19EA333D-0B79-44AD-B612-A397C41E8A5B}.Debug|x64.Build.0 = Debug|Any CPU
		{19EA333D-0B79-44AD-B612-A397C41E8A5B}.Debug|x86.ActiveCfg = Debug|Any CPU
		{19EA333D-0B79-44AD-B612-A397C41E8A5B}.Debug|x86.Build.0 = Debug|Any CPU
		{19EA333D-0B79-44AD-B612-A397C41E8A5B}.Release|Any CPU.ActiveCfg = Release|Any CPU
		{19EA333D-0B79-44AD-B612-A397C41E8A5B}.Release|Any CPU.Build.0 = Release|Any CPU
		{19EA333D-0B79-44AD-B612-A397C41E8A5B}.Release|x64.ActiveCfg = Release|Any CPU
		{19EA333D-0B79-44AD-B612-A397C41E8A5B}.Release|x64.Build.0 = Release|Any CPU
		{19EA333D-0B79-44AD-B612-A397C41E8A5B}.Release|x86.ActiveCfg = Release|Any CPU
		{19EA333D-0B79-44AD-B612-A397C41E8A5B}.Release|x86.Build.0 = Release|Any CPU
		{C9ACF65E-E0D7-4BAA-953C-19AEBF1E6156}.Debug|Any CPU.ActiveCfg = Debug|Any CPU
		{C9ACF65E-E0D7-4BAA-953C-19AEBF1E6156}.Debug|Any CPU.Build.0 = Debug|Any CPU
		{C9ACF65E-E0D7-4BAA-953C-19AEBF1E6156}.Debug|x64.ActiveCfg = Debug|Any CPU
		{C9ACF65E-E0D7-4BAA-953C-19AEBF1E6156}.Debug|x64.Build.0 = Debug|Any CPU
		{C9ACF65E-E0D7-4BAA-953C-19AEBF1E6156}.Debug|x86.ActiveCfg = Debug|Any CPU
		{C9ACF65E-E0D7-4BAA-953C-19AEBF1E6156}.Debug|x86.Build.0 = Debug|Any CPU
		{C9ACF65E-E0D7-4BAA-953C-19AEBF1E6156}.Release|Any CPU.ActiveCfg = Release|Any CPU
		{C9ACF65E-E0D7-4BAA-953C-19AEBF1E6156}.Release|Any CPU.Build.0 = Release|Any CPU
		{C9ACF65E-E0D7-4BAA-953C-19AEBF1E6156}.Release|x64.ActiveCfg = Release|Any CPU
		{C9ACF65E-E0D7-4BAA-953C-19AEBF1E6156}.Release|x64.Build.0 = Release|Any CPU
		{C9ACF65E-E0D7-4BAA-953C-19AEBF1E6156}.Release|x86.ActiveCfg = Release|Any CPU
		{C9ACF65E-E0D7-4BAA-953C-19AEBF1E6156}.Release|x86.Build.0 = Release|Any CPU
		{67426152-4EA5-4C29-898D-33DC4F2506E7}.Debug|Any CPU.ActiveCfg = Debug|Any CPU
		{67426152-4EA5-4C29-898D-33DC4F2506E7}.Debug|Any CPU.Build.0 = Debug|Any CPU
		{67426152-4EA5-4C29-898D-33DC4F2506E7}.Debug|x64.ActiveCfg = Debug|Any CPU
		{67426152-4EA5-4C29-898D-33DC4F2506E7}.Debug|x64.Build.0 = Debug|Any CPU
		{67426152-4EA5-4C29-898D-33DC4F2506E7}.Debug|x86.ActiveCfg = Debug|Any CPU
		{67426152-4EA5-4C29-898D-33DC4F2506E7}.Debug|x86.Build.0 = Debug|Any CPU
		{67426152-4EA5-4C29-898D-33DC4F2506E7}.Release|Any CPU.ActiveCfg = Release|Any CPU
		{67426152-4EA5-4C29-898D-33DC4F2506E7}.Release|Any CPU.Build.0 = Release|Any CPU
		{67426152-4EA5-4C29-898D-33DC4F2506E7}.Release|x64.ActiveCfg = Release|Any CPU
		{67426152-4EA5-4C29-898D-33DC4F2506E7}.Release|x64.Build.0 = Release|Any CPU
		{67426152-4EA5-4C29-898D-33DC4F2506E7}.Release|x86.ActiveCfg = Release|Any CPU
		{67426152-4EA5-4C29-898D-33DC4F2506E7}.Release|x86.Build.0 = Release|Any CPU
		{82396524-335F-4847-AA27-1F7DBA0F2221}.Debug|Any CPU.ActiveCfg = Debug|Any CPU
		{82396524-335F-4847-AA27-1F7DBA0F2221}.Debug|Any CPU.Build.0 = Debug|Any CPU
		{82396524-335F-4847-AA27-1F7DBA0F2221}.Debug|x64.ActiveCfg = Debug|Any CPU
		{82396524-335F-4847-AA27-1F7DBA0F2221}.Debug|x64.Build.0 = Debug|Any CPU
		{82396524-335F-4847-AA27-1F7DBA0F2221}.Debug|x86.ActiveCfg = Debug|Any CPU
		{82396524-335F-4847-AA27-1F7DBA0F2221}.Debug|x86.Build.0 = Debug|Any CPU
		{82396524-335F-4847-AA27-1F7DBA0F2221}.Release|Any CPU.ActiveCfg = Release|Any CPU
		{82396524-335F-4847-AA27-1F7DBA0F2221}.Release|Any CPU.Build.0 = Release|Any CPU
		{82396524-335F-4847-AA27-1F7DBA0F2221}.Release|x64.ActiveCfg = Release|Any CPU
		{82396524-335F-4847-AA27-1F7DBA0F2221}.Release|x64.Build.0 = Release|Any CPU
		{82396524-335F-4847-AA27-1F7DBA0F2221}.Release|x86.ActiveCfg = Release|Any CPU
		{82396524-335F-4847-AA27-1F7DBA0F2221}.Release|x86.Build.0 = Release|Any CPU
		{1EC813A4-0F5E-4E4F-9621-D8AA5E4C6F9C}.Debug|Any CPU.ActiveCfg = Debug|Any CPU
		{1EC813A4-0F5E-4E4F-9621-D8AA5E4C6F9C}.Debug|Any CPU.Build.0 = Debug|Any CPU
		{1EC813A4-0F5E-4E4F-9621-D8AA5E4C6F9C}.Debug|x64.ActiveCfg = Debug|Any CPU
		{1EC813A4-0F5E-4E4F-9621-D8AA5E4C6F9C}.Debug|x64.Build.0 = Debug|Any CPU
		{1EC813A4-0F5E-4E4F-9621-D8AA5E4C6F9C}.Debug|x86.ActiveCfg = Debug|Any CPU
		{1EC813A4-0F5E-4E4F-9621-D8AA5E4C6F9C}.Debug|x86.Build.0 = Debug|Any CPU
		{1EC813A4-0F5E-4E4F-9621-D8AA5E4C6F9C}.Release|Any CPU.ActiveCfg = Release|Any CPU
		{1EC813A4-0F5E-4E4F-9621-D8AA5E4C6F9C}.Release|Any CPU.Build.0 = Release|Any CPU
		{1EC813A4-0F5E-4E4F-9621-D8AA5E4C6F9C}.Release|x64.ActiveCfg = Release|Any CPU
		{1EC813A4-0F5E-4E4F-9621-D8AA5E4C6F9C}.Release|x64.Build.0 = Release|Any CPU
		{1EC813A4-0F5E-4E4F-9621-D8AA5E4C6F9C}.Release|x86.ActiveCfg = Release|Any CPU
		{1EC813A4-0F5E-4E4F-9621-D8AA5E4C6F9C}.Release|x86.Build.0 = Release|Any CPU
		{02F4609F-F118-4E3F-A8A8-D467117FE248}.Debug|Any CPU.ActiveCfg = Debug|Any CPU
		{02F4609F-F118-4E3F-A8A8-D467117FE248}.Debug|Any CPU.Build.0 = Debug|Any CPU
		{02F4609F-F118-4E3F-A8A8-D467117FE248}.Debug|x64.ActiveCfg = Debug|Any CPU
		{02F4609F-F118-4E3F-A8A8-D467117FE248}.Debug|x64.Build.0 = Debug|Any CPU
		{02F4609F-F118-4E3F-A8A8-D467117FE248}.Debug|x86.ActiveCfg = Debug|Any CPU
		{02F4609F-F118-4E3F-A8A8-D467117FE248}.Debug|x86.Build.0 = Debug|Any CPU
		{02F4609F-F118-4E3F-A8A8-D467117FE248}.Release|Any CPU.ActiveCfg = Release|Any CPU
		{02F4609F-F118-4E3F-A8A8-D467117FE248}.Release|Any CPU.Build.0 = Release|Any CPU
		{02F4609F-F118-4E3F-A8A8-D467117FE248}.Release|x64.ActiveCfg = Release|Any CPU
		{02F4609F-F118-4E3F-A8A8-D467117FE248}.Release|x64.Build.0 = Release|Any CPU
		{02F4609F-F118-4E3F-A8A8-D467117FE248}.Release|x86.ActiveCfg = Release|Any CPU
		{02F4609F-F118-4E3F-A8A8-D467117FE248}.Release|x86.Build.0 = Release|Any CPU
		{9B6C511D-09D6-45C7-86EC-902530714684}.Debug|Any CPU.ActiveCfg = Debug|Any CPU
		{9B6C511D-09D6-45C7-86EC-902530714684}.Debug|Any CPU.Build.0 = Debug|Any CPU
		{9B6C511D-09D6-45C7-86EC-902530714684}.Debug|x64.ActiveCfg = Debug|Any CPU
		{9B6C511D-09D6-45C7-86EC-902530714684}.Debug|x64.Build.0 = Debug|Any CPU
		{9B6C511D-09D6-45C7-86EC-902530714684}.Debug|x86.ActiveCfg = Debug|Any CPU
		{9B6C511D-09D6-45C7-86EC-902530714684}.Debug|x86.Build.0 = Debug|Any CPU
		{9B6C511D-09D6-45C7-86EC-902530714684}.Release|Any CPU.ActiveCfg = Release|Any CPU
		{9B6C511D-09D6-45C7-86EC-902530714684}.Release|Any CPU.Build.0 = Release|Any CPU
		{9B6C511D-09D6-45C7-86EC-902530714684}.Release|x64.ActiveCfg = Release|Any CPU
		{9B6C511D-09D6-45C7-86EC-902530714684}.Release|x64.Build.0 = Release|Any CPU
		{9B6C511D-09D6-45C7-86EC-902530714684}.Release|x86.ActiveCfg = Release|Any CPU
		{9B6C511D-09D6-45C7-86EC-902530714684}.Release|x86.Build.0 = Release|Any CPU
		{9C22B8D0-52C8-4D23-8E81-5C2B4A66CB5F}.Debug|Any CPU.ActiveCfg = Debug|Any CPU
		{9C22B8D0-52C8-4D23-8E81-5C2B4A66CB5F}.Debug|Any CPU.Build.0 = Debug|Any CPU
		{9C22B8D0-52C8-4D23-8E81-5C2B4A66CB5F}.Debug|x64.ActiveCfg = Debug|Any CPU
		{9C22B8D0-52C8-4D23-8E81-5C2B4A66CB5F}.Debug|x64.Build.0 = Debug|Any CPU
		{9C22B8D0-52C8-4D23-8E81-5C2B4A66CB5F}.Debug|x86.ActiveCfg = Debug|Any CPU
		{9C22B8D0-52C8-4D23-8E81-5C2B4A66CB5F}.Debug|x86.Build.0 = Debug|Any CPU
		{9C22B8D0-52C8-4D23-8E81-5C2B4A66CB5F}.Release|Any CPU.ActiveCfg = Release|Any CPU
		{9C22B8D0-52C8-4D23-8E81-5C2B4A66CB5F}.Release|Any CPU.Build.0 = Release|Any CPU
		{9C22B8D0-52C8-4D23-8E81-5C2B4A66CB5F}.Release|x64.ActiveCfg = Release|Any CPU
		{9C22B8D0-52C8-4D23-8E81-5C2B4A66CB5F}.Release|x64.Build.0 = Release|Any CPU
		{9C22B8D0-52C8-4D23-8E81-5C2B4A66CB5F}.Release|x86.ActiveCfg = Release|Any CPU
		{9C22B8D0-52C8-4D23-8E81-5C2B4A66CB5F}.Release|x86.Build.0 = Release|Any CPU
	EndGlobalSection
	GlobalSection(SolutionProperties) = preSolution
		HideSolutionNode = FALSE
	EndGlobalSection
	GlobalSection(NestedProjects) = preSolution
		{59BF6543-B018-4BDC-A6DB-BDC10B5AA011} = {827E0CD3-B72D-47B6-A68D-7590B98EB39B}
		{E9483D63-B8F8-453F-B56C-29258D764BD5} = {827E0CD3-B72D-47B6-A68D-7590B98EB39B}
		{B80FA70D-6C06-4954-B3EA-3C411C37A4E9} = {827E0CD3-B72D-47B6-A68D-7590B98EB39B}
		{19EA333D-0B79-44AD-B612-A397C41E8A5B} = {827E0CD3-B72D-47B6-A68D-7590B98EB39B}
		{C9ACF65E-E0D7-4BAA-953C-19AEBF1E6156} = {827E0CD3-B72D-47B6-A68D-7590B98EB39B}
		{67426152-4EA5-4C29-898D-33DC4F2506E7} = {827E0CD3-B72D-47B6-A68D-7590B98EB39B}
		{82396524-335F-4847-AA27-1F7DBA0F2221} = {0AB3BF05-4346-4AA6-1389-037BE0695223}
		{1EC813A4-0F5E-4E4F-9621-D8AA5E4C6F9C} = {0AB3BF05-4346-4AA6-1389-037BE0695223}
		{02F4609F-F118-4E3F-A8A8-D467117FE248} = {0AB3BF05-4346-4AA6-1389-037BE0695223}
		{9B6C511D-09D6-45C7-86EC-902530714684} = {0AB3BF05-4346-4AA6-1389-037BE0695223}
		{9C22B8D0-52C8-4D23-8E81-5C2B4A66CB5F} = {0AB3BF05-4346-4AA6-1389-037BE0695223}
	EndGlobalSection
EndGlobal
